
Microsoft Visual Studio Solution File, Format Version 12.00
# Visual Studio Version 17
VisualStudioVersion = 17.2.32519.379
MinimumVisualStudioVersion = 10.0.40219.1
Project("{FAE04EC0-301F-11D3-BF4B-00C04F79EFBC}") = "ConstructionIceTask", "ConstructionIceTask.csproj", "{5EFC5D4C-97F8-409F-801E-954E2F82A5EC}"
EndProject
Global
	GlobalSection(SolutionConfigurationPlatforms) = preSolution
		Debug|Any CPU = Debug|Any CPU
		Release|Any CPU = Release|Any CPU
	EndGlobalSection
	GlobalSection(ProjectConfigurationPlatforms) = postSolution
		{5EFC5D4C-97F8-409F-801E-954E2F82A5EC}.Debug|Any CPU.ActiveCfg = Debug|Any CPU
		{5EFC5D4C-97F8-409F-801E-954E2F82A5EC}.Debug|Any CPU.Build.0 = Debug|Any CPU
		{5EFC5D4C-97F8-409F-801E-954E2F82A5EC}.Release|Any CPU.ActiveCfg = Release|Any CPU
		{5EFC5D4C-97F8-409F-801E-954E2F82A5EC}.Release|Any CPU.Build.0 = Release|Any CPU
	EndGlobalSection
	GlobalSection(SolutionProperties) = preSolution
		HideSolutionNode = FALSE
	EndGlobalSection
	GlobalSection(ExtensibilityGlobals) = postSolution
		SolutionGuid = {6DB03374-8A91-49D2-ADFD-8502238875E0}
	EndGlobalSection
EndGlobal
