
Microsoft Visual Studio Solution File, Format Version 12.00
# Visual Studio Version 17
VisualStudioVersion = 17.2.32519.379
MinimumVisualStudioVersion = 10.0.40219.1
Project("{FAE04EC0-301F-11D3-BF4B-00C04F79EFBC}") = "LibraryAppWPF", "LibraryAppWPF.csproj", "{FDC416A5-9A85-4821-AD4A-13A83163CE82}"
EndProject
Global
	GlobalSection(SolutionConfigurationPlatforms) = preSolution
		Debug|Any CPU = Debug|Any CPU
		Release|Any CPU = Release|Any CPU
	EndGlobalSection
	GlobalSection(ProjectConfigurationPlatforms) = postSolution
		{FDC416A5-9A85-4821-AD4A-13A83163CE82}.Debug|Any CPU.ActiveCfg = Debug|Any CPU
		{FDC416A5-9A85-4821-AD4A-13A83163CE82}.Debug|Any CPU.Build.0 = Debug|Any CPU
		{FDC416A5-9A85-4821-AD4A-13A83163CE82}.Release|Any CPU.ActiveCfg = Release|Any CPU
		{FDC416A5-9A85-4821-AD4A-13A83163CE82}.Release|Any CPU.Build.0 = Release|Any CPU
	EndGlobalSection
	GlobalSection(SolutionProperties) = preSolution
		HideSolutionNode = FALSE
	EndGlobalSection
	GlobalSection(ExtensibilityGlobals) = postSolution
		SolutionGuid = {CD7ACAA7-D296-4827-BD57-70BC459E6812}
	EndGlobalSection
EndGlobal
